
Microsoft Visual Studio Solution File, Format Version 11.00
# Visual Studio 2010
Project("{2150E333-8FDC-42A3-9474-1A3956D46DE8}") = "Dynamic", "Dynamic", "{E2CFD272-7E13-421A-8844-63D4FD750501}"
EndProject
Project("{2150E333-8FDC-42A3-9474-1A3956D46DE8}") = "DFS", "DFS", "{38B91891-E228-4978-8234-D2F58315E93D}"
EndProject
Project("{2150E333-8FDC-42A3-9474-1A3956D46DE8}") = "BFS", "BFS", "{A4ADE4EE-4A7B-4BB3-A949-53AF6B739BB8}"
EndProject
Project("{2150E333-8FDC-42A3-9474-1A3956D46DE8}") = "LIS", "LIS", "{3766C94E-E764-4985-88FF-8D626F251608}"
EndProject
Project("{8BC9CEB8-8B4A-11D0-8D11-00A0C91BC942}") = "TopologicalSort", "TopologicalSort\TopologicalSort.vcxproj", "{2FFF4676-0041-4B87-83EC-B7B1BF6A0D3A}"
EndProject
Project("{8BC9CEB8-8B4A-11D0-8D11-00A0C91BC942}") = "UVA104_ForeignExchange", "UVA104_ForeignExchange\UVA104_ForeignExchange.vcxproj", "{D12DCCE1-5A6E-4D40-BF6F-25CCACE008DF}"
EndProject
Project("{8BC9CEB8-8B4A-11D0-8D11-00A0C91BC942}") = "UVA825_SafeWay", "UVA825_SafeWay\UVA825_SafeWay.vcxproj", "{B65B0859-307E-4C20-AC20-DDFD944712D7}"
EndProject
Project("{8BC9CEB8-8B4A-11D0-8D11-00A0C91BC942}") = "UVA357_CoinChange", "UVA357_CoinChange\UVA357_CoinChange.vcxproj", "{64B29F60-504C-4A0E-B95A-D7C4DB29DAFE}"
EndProject
Project("{8BC9CEB8-8B4A-11D0-8D11-00A0C91BC942}") = "UVA562_CoinDivide", "UVA562_CoinDivide\UVA562_CoinDivide.vcxproj", "{73959051-678F-4F7F-9C1C-A732F8DD6D56}"
EndProject
Project("{8BC9CEB8-8B4A-11D0-8D11-00A0C91BC942}") = "UVA10131_Elephant", "UVA10131_Elephant\UVA10131_Elephant.vcxproj", "{F29DF8A4-F6C8-4F88-BD8C-EA3272F4D07D}"
EndProject
Project("{8BC9CEB8-8B4A-11D0-8D11-00A0C91BC942}") = "NighitsTourProblem", "NighitsTourProblem\NighitsTourProblem.vcxproj", "{6615FDFB-63A2-4D5E-A0D5-319F33AEA98F}"
EndProject
Project("{8BC9CEB8-8B4A-11D0-8D11-00A0C91BC942}") = "POJ2386_LakeCounting", "POJ2386_LakeCounting\POJ2386_LakeCounting.vcxproj", "{5F6DA0FA-10F8-44B4-BA8F-8AD3CD9342BA}"
EndProject
Project("{8BC9CEB8-8B4A-11D0-8D11-00A0C91BC942}") = "PCC50_Maze", "PCC50_Maze\PCC50_Maze.vcxproj", "{32C7BA8A-71AA-4B8D-AD90-AFEA1D454DB4}"
EndProject
Project("{8BC9CEB8-8B4A-11D0-8D11-00A0C91BC942}") = "Knapsack", "Knapsack\Knapsack.vcxproj", "{0938E100-D5B6-4B92-BC21-F85761D7EA6C}"
EndProject
Project("{8BC9CEB8-8B4A-11D0-8D11-00A0C91BC942}") = "Knapsack2", "Knapsack2\Knapsack2.vcxproj", "{DEFA5A91-D9FD-4A08-A0EC-FF952BDBCBBD}"
EndProject
Project("{8BC9CEB8-8B4A-11D0-8D11-00A0C91BC942}") = "LongestIncreasingSubsequence", "LongestIncreasingSubsequence\LongestIncreasingSubsequence.vcxproj", "{80463FD9-A8F3-4092-B459-A87C047311E7}"
EndProject
Project("{8BC9CEB8-8B4A-11D0-8D11-00A0C91BC942}") = "BRUTEFORCE", "BRUTEFORCE\BRUTEFORCE.vcxproj", "{9EBFF7CB-08DF-4A49-B6EF-EF7B91159D35}"
EndProject
Project("{8BC9CEB8-8B4A-11D0-8D11-00A0C91BC942}") = "Baseball", "Baseball\Baseball.vcxproj", "{5E672C88-A1F7-4375-852C-BF19E85E557F}"
EndProject
Project("{2150E333-8FDC-42A3-9474-1A3956D46DE8}") = "Greedy", "Greedy", "{E13FC0E1-5E61-4837-89D1-C832F5042F95}"
EndProject
Project("{8BC9CEB8-8B4A-11D0-8D11-00A0C91BC942}") = "MemorizePI", "MemorizePI\MemorizePI.vcxproj", "{0B3F60F2-12D0-46F7-802E-74C3FF4F646D}"
EndProject
Project("{8BC9CEB8-8B4A-11D0-8D11-00A0C91BC942}") = "Arctic", "Arctic\Arctic.vcxproj", "{003E15A5-9653-4133-BFFB-02E1A1F5C1CF}"
EndProject
Project("{8BC9CEB8-8B4A-11D0-8D11-00A0C91BC942}") = "Anagram", "Anagram\Anagram.vcxproj", "{62BC57C7-0C8F-4E4D-8F5C-098AC9F3D2D2}"
EndProject
Project("{2150E333-8FDC-42A3-9474-1A3956D46DE8}") = "Graph", "Graph", "{933CD553-700B-439A-858C-FD59DB177D32}"
EndProject
Project("{8BC9CEB8-8B4A-11D0-8D11-00A0C91BC942}") = "AvoidYourProfessor", "AvoidYourProfessor\AvoidYourProfessor.vcxproj", "{8EEBE995-163B-4B1A-88F9-C8804945B1BE}"
EndProject
Project("{8BC9CEB8-8B4A-11D0-8D11-00A0C91BC942}") = "Christmas", "Christmas\Christmas.vcxproj", "{ED20FE6B-A80F-47A9-98DA-21D08070092A}"
EndProject
Project("{8BC9CEB8-8B4A-11D0-8D11-00A0C91BC942}") = "koi_Epaper", "koi_Epaper\koi_Epaper.vcxproj", "{780B79E4-0869-41DB-A2F1-D7960CB9AFED}"
EndProject
Project("{2150E333-8FDC-42A3-9474-1A3956D46DE8}") = "etc", "etc", "{9448FD55-4719-42C5-9AB7-ADFBA7139382}"
EndProject
Project("{8BC9CEB8-8B4A-11D0-8D11-00A0C91BC942}") = "koi_flipflip", "koi_flipflip\koi_flipflip.vcxproj", "{7A55ED41-BDB8-423F-874C-B56B27CB7A74}"
EndProject
Project("{8BC9CEB8-8B4A-11D0-8D11-00A0C91BC942}") = "koi_score", "koi_score\koi_score.vcxproj", "{0BE22227-D83F-4E0F-A079-18D022FA58F3}"
EndProject
Project("{8BC9CEB8-8B4A-11D0-8D11-00A0C91BC942}") = "koi_routing", "koi_routing\koi_routing.vcxproj", "{17553FE5-9813-4867-A60E-64592EB19E9C}"
EndProject
Project("{8BC9CEB8-8B4A-11D0-8D11-00A0C91BC942}") = "station", "station\station.vcxproj", "{8FD0DDF0-E29A-4047-AE6D-17FA2040F5DB}"
EndProject
Project("{2150E333-8FDC-42A3-9474-1A3956D46DE8}") = "Solution Items", "Solution Items", "{B08F8B6A-976E-4F5E-8542-E20316A7FEF6}"
EndProject
Project("{8BC9CEB8-8B4A-11D0-8D11-00A0C91BC942}") = "street_tree", "street_tree\street_tree.vcxproj", "{BADFC4E0-A89D-4348-B9F5-B04A70ABB89B}"
EndProject
Project("{8BC9CEB8-8B4A-11D0-8D11-00A0C91BC942}") = "koi_order", "koi_order\koi_order.vcxproj", "{B68C170A-F901-4677-84A2-35AF57435E72}"
EndProject
Project("{2150E333-8FDC-42A3-9474-1A3956D46DE8}") = "BinaryIndexTree", "BinaryIndexTree", "{C4798506-D8FE-4CB3-BE57-0E962EABF8CF}"
EndProject
Project("{8BC9CEB8-8B4A-11D0-8D11-00A0C91BC942}") = "Glacier", "Glacier\Glacier.vcxproj", "{672A7E45-DA8C-43FC-8CA4-E7283427569C}"
EndProject
Project("{8BC9CEB8-8B4A-11D0-8D11-00A0C91BC942}") = "color_circle", "color_circle\color_circle.vcxproj", "{82C444B8-EE68-43DA-8C48-CA62A86E1185}"
EndProject
Project("{8BC9CEB8-8B4A-11D0-8D11-00A0C91BC942}") = "01knapsack", "01knapsack\01knapsack.vcxproj", "{7BD3737C-F313-49D5-BFF6-AE73AA216795}"
EndProject
Project("{8BC9CEB8-8B4A-11D0-8D11-00A0C91BC942}") = "apple_catching", "apple_catching\apple_catching.vcxproj", "{A1F26480-CF6C-427C-8A16-5F51EA840D5E}"
EndProject
Project("{8BC9CEB8-8B4A-11D0-8D11-00A0C91BC942}") = "bridging", "bridging\bridging.vcxproj", "{D45156F9-484F-4A64-90C7-76793227607D}"
EndProject
Project("{2150E333-8FDC-42A3-9474-1A3956D46DE8}") = "Recursion", "Recursion", "{26A877D0-BCFA-4DE0-81FC-E93D586F0949}"
EndProject
Project("{8BC9CEB8-8B4A-11D0-8D11-00A0C91BC942}") = "CakeCutting", "CakeCutting\CakeCutting.vcxproj", "{56992FC1-0381-4ECE-A5B5-6B908752FE90}"
EndProject
Project("{8BC9CEB8-8B4A-11D0-8D11-00A0C91BC942}") = "Expedition", "Expedition\Expedition.vcxproj", "{44E2CDAE-CBB6-46E2-B27D-762E23101492}"
EndProject
Project("{2150E333-8FDC-42A3-9474-1A3956D46DE8}") = "PriorityQueue", "PriorityQueue", "{AB30BDD6-99B8-4D9A-B6BE-689BBE797EC1}"
EndProject
Project("{8BC9CEB8-8B4A-11D0-8D11-00A0C91BC942}") = "koi_color", "koi_color\koi_color.vcxproj", "{5D137E30-0705-4D7E-9DEA-0D306FDC75FD}"
EndProject
Global
	GlobalSection(SolutionConfigurationPlatforms) = preSolution
		Debug|Win32 = Debug|Win32
		Release|Win32 = Release|Win32
	EndGlobalSection
	GlobalSection(ProjectConfigurationPlatforms) = postSolution
		{2FFF4676-0041-4B87-83EC-B7B1BF6A0D3A}.Debug|Win32.ActiveCfg = Debug|Win32
		{2FFF4676-0041-4B87-83EC-B7B1BF6A0D3A}.Debug|Win32.Build.0 = Debug|Win32
		{2FFF4676-0041-4B87-83EC-B7B1BF6A0D3A}.Release|Win32.ActiveCfg = Release|Win32
		{2FFF4676-0041-4B87-83EC-B7B1BF6A0D3A}.Release|Win32.Build.0 = Release|Win32
		{D12DCCE1-5A6E-4D40-BF6F-25CCACE008DF}.Debug|Win32.ActiveCfg = Debug|Win32
		{D12DCCE1-5A6E-4D40-BF6F-25CCACE008DF}.Debug|Win32.Build.0 = Debug|Win32
		{D12DCCE1-5A6E-4D40-BF6F-25CCACE008DF}.Release|Win32.ActiveCfg = Release|Win32
		{D12DCCE1-5A6E-4D40-BF6F-25CCACE008DF}.Release|Win32.Build.0 = Release|Win32
		{B65B0859-307E-4C20-AC20-DDFD944712D7}.Debug|Win32.ActiveCfg = Debug|Win32
		{B65B0859-307E-4C20-AC20-DDFD944712D7}.Debug|Win32.Build.0 = Debug|Win32
		{B65B0859-307E-4C20-AC20-DDFD944712D7}.Release|Win32.ActiveCfg = Release|Win32
		{B65B0859-307E-4C20-AC20-DDFD944712D7}.Release|Win32.Build.0 = Release|Win32
		{64B29F60-504C-4A0E-B95A-D7C4DB29DAFE}.Debug|Win32.ActiveCfg = Debug|Win32
		{64B29F60-504C-4A0E-B95A-D7C4DB29DAFE}.Debug|Win32.Build.0 = Debug|Win32
		{64B29F60-504C-4A0E-B95A-D7C4DB29DAFE}.Release|Win32.ActiveCfg = Release|Win32
		{64B29F60-504C-4A0E-B95A-D7C4DB29DAFE}.Release|Win32.Build.0 = Release|Win32
		{73959051-678F-4F7F-9C1C-A732F8DD6D56}.Debug|Win32.ActiveCfg = Debug|Win32
		{73959051-678F-4F7F-9C1C-A732F8DD6D56}.Debug|Win32.Build.0 = Debug|Win32
		{73959051-678F-4F7F-9C1C-A732F8DD6D56}.Release|Win32.ActiveCfg = Release|Win32
		{73959051-678F-4F7F-9C1C-A732F8DD6D56}.Release|Win32.Build.0 = Release|Win32
		{F29DF8A4-F6C8-4F88-BD8C-EA3272F4D07D}.Debug|Win32.ActiveCfg = Debug|Win32
		{F29DF8A4-F6C8-4F88-BD8C-EA3272F4D07D}.Debug|Win32.Build.0 = Debug|Win32
		{F29DF8A4-F6C8-4F88-BD8C-EA3272F4D07D}.Release|Win32.ActiveCfg = Release|Win32
		{F29DF8A4-F6C8-4F88-BD8C-EA3272F4D07D}.Release|Win32.Build.0 = Release|Win32
		{6615FDFB-63A2-4D5E-A0D5-319F33AEA98F}.Debug|Win32.ActiveCfg = Debug|Win32
		{6615FDFB-63A2-4D5E-A0D5-319F33AEA98F}.Debug|Win32.Build.0 = Debug|Win32
		{6615FDFB-63A2-4D5E-A0D5-319F33AEA98F}.Release|Win32.ActiveCfg = Release|Win32
		{6615FDFB-63A2-4D5E-A0D5-319F33AEA98F}.Release|Win32.Build.0 = Release|Win32
		{5F6DA0FA-10F8-44B4-BA8F-8AD3CD9342BA}.Debug|Win32.ActiveCfg = Debug|Win32
		{5F6DA0FA-10F8-44B4-BA8F-8AD3CD9342BA}.Debug|Win32.Build.0 = Debug|Win32
		{5F6DA0FA-10F8-44B4-BA8F-8AD3CD9342BA}.Release|Win32.ActiveCfg = Release|Win32
		{5F6DA0FA-10F8-44B4-BA8F-8AD3CD9342BA}.Release|Win32.Build.0 = Release|Win32
		{32C7BA8A-71AA-4B8D-AD90-AFEA1D454DB4}.Debug|Win32.ActiveCfg = Debug|Win32
		{32C7BA8A-71AA-4B8D-AD90-AFEA1D454DB4}.Debug|Win32.Build.0 = Debug|Win32
		{32C7BA8A-71AA-4B8D-AD90-AFEA1D454DB4}.Release|Win32.ActiveCfg = Release|Win32
		{32C7BA8A-71AA-4B8D-AD90-AFEA1D454DB4}.Release|Win32.Build.0 = Release|Win32
		{0938E100-D5B6-4B92-BC21-F85761D7EA6C}.Debug|Win32.ActiveCfg = Debug|Win32
		{0938E100-D5B6-4B92-BC21-F85761D7EA6C}.Debug|Win32.Build.0 = Debug|Win32
		{0938E100-D5B6-4B92-BC21-F85761D7EA6C}.Release|Win32.ActiveCfg = Release|Win32
		{0938E100-D5B6-4B92-BC21-F85761D7EA6C}.Release|Win32.Build.0 = Release|Win32
		{DEFA5A91-D9FD-4A08-A0EC-FF952BDBCBBD}.Debug|Win32.ActiveCfg = Debug|Win32
		{DEFA5A91-D9FD-4A08-A0EC-FF952BDBCBBD}.Debug|Win32.Build.0 = Debug|Win32
		{DEFA5A91-D9FD-4A08-A0EC-FF952BDBCBBD}.Release|Win32.ActiveCfg = Release|Win32
		{DEFA5A91-D9FD-4A08-A0EC-FF952BDBCBBD}.Release|Win32.Build.0 = Release|Win32
		{80463FD9-A8F3-4092-B459-A87C047311E7}.Debug|Win32.ActiveCfg = Debug|Win32
		{80463FD9-A8F3-4092-B459-A87C047311E7}.Debug|Win32.Build.0 = Debug|Win32
		{80463FD9-A8F3-4092-B459-A87C047311E7}.Release|Win32.ActiveCfg = Release|Win32
		{80463FD9-A8F3-4092-B459-A87C047311E7}.Release|Win32.Build.0 = Release|Win32
		{9EBFF7CB-08DF-4A49-B6EF-EF7B91159D35}.Debug|Win32.ActiveCfg = Debug|Win32
		{9EBFF7CB-08DF-4A49-B6EF-EF7B91159D35}.Debug|Win32.Build.0 = Debug|Win32
		{9EBFF7CB-08DF-4A49-B6EF-EF7B91159D35}.Release|Win32.ActiveCfg = Release|Win32
		{9EBFF7CB-08DF-4A49-B6EF-EF7B91159D35}.Release|Win32.Build.0 = Release|Win32
		{5E672C88-A1F7-4375-852C-BF19E85E557F}.Debug|Win32.ActiveCfg = Debug|Win32
		{5E672C88-A1F7-4375-852C-BF19E85E557F}.Debug|Win32.Build.0 = Debug|Win32
		{5E672C88-A1F7-4375-852C-BF19E85E557F}.Release|Win32.ActiveCfg = Release|Win32
		{5E672C88-A1F7-4375-852C-BF19E85E557F}.Release|Win32.Build.0 = Release|Win32
		{0B3F60F2-12D0-46F7-802E-74C3FF4F646D}.Debug|Win32.ActiveCfg = Debug|Win32
		{0B3F60F2-12D0-46F7-802E-74C3FF4F646D}.Debug|Win32.Build.0 = Debug|Win32
		{0B3F60F2-12D0-46F7-802E-74C3FF4F646D}.Release|Win32.ActiveCfg = Release|Win32
		{0B3F60F2-12D0-46F7-802E-74C3FF4F646D}.Release|Win32.Build.0 = Release|Win32
		{003E15A5-9653-4133-BFFB-02E1A1F5C1CF}.Debug|Win32.ActiveCfg = Debug|Win32
		{003E15A5-9653-4133-BFFB-02E1A1F5C1CF}.Debug|Win32.Build.0 = Debug|Win32
		{003E15A5-9653-4133-BFFB-02E1A1F5C1CF}.Release|Win32.ActiveCfg = Release|Win32
		{003E15A5-9653-4133-BFFB-02E1A1F5C1CF}.Release|Win32.Build.0 = Release|Win32
		{62BC57C7-0C8F-4E4D-8F5C-098AC9F3D2D2}.Debug|Win32.ActiveCfg = Debug|Win32
		{62BC57C7-0C8F-4E4D-8F5C-098AC9F3D2D2}.Debug|Win32.Build.0 = Debug|Win32
		{62BC57C7-0C8F-4E4D-8F5C-098AC9F3D2D2}.Release|Win32.ActiveCfg = Release|Win32
		{62BC57C7-0C8F-4E4D-8F5C-098AC9F3D2D2}.Release|Win32.Build.0 = Release|Win32
		{8EEBE995-163B-4B1A-88F9-C8804945B1BE}.Debug|Win32.ActiveCfg = Debug|Win32
		{8EEBE995-163B-4B1A-88F9-C8804945B1BE}.Debug|Win32.Build.0 = Debug|Win32
		{8EEBE995-163B-4B1A-88F9-C8804945B1BE}.Release|Win32.ActiveCfg = Release|Win32
		{8EEBE995-163B-4B1A-88F9-C8804945B1BE}.Release|Win32.Build.0 = Release|Win32
		{ED20FE6B-A80F-47A9-98DA-21D08070092A}.Debug|Win32.ActiveCfg = Debug|Win32
		{ED20FE6B-A80F-47A9-98DA-21D08070092A}.Debug|Win32.Build.0 = Debug|Win32
		{ED20FE6B-A80F-47A9-98DA-21D08070092A}.Release|Win32.ActiveCfg = Release|Win32
		{ED20FE6B-A80F-47A9-98DA-21D08070092A}.Release|Win32.Build.0 = Release|Win32
		{780B79E4-0869-41DB-A2F1-D7960CB9AFED}.Debug|Win32.ActiveCfg = Debug|Win32
		{780B79E4-0869-41DB-A2F1-D7960CB9AFED}.Debug|Win32.Build.0 = Debug|Win32
		{780B79E4-0869-41DB-A2F1-D7960CB9AFED}.Release|Win32.ActiveCfg = Release|Win32
		{780B79E4-0869-41DB-A2F1-D7960CB9AFED}.Release|Win32.Build.0 = Release|Win32
		{7A55ED41-BDB8-423F-874C-B56B27CB7A74}.Debug|Win32.ActiveCfg = Debug|Win32
		{7A55ED41-BDB8-423F-874C-B56B27CB7A74}.Debug|Win32.Build.0 = Debug|Win32
		{7A55ED41-BDB8-423F-874C-B56B27CB7A74}.Release|Win32.ActiveCfg = Release|Win32
		{7A55ED41-BDB8-423F-874C-B56B27CB7A74}.Release|Win32.Build.0 = Release|Win32
		{0BE22227-D83F-4E0F-A079-18D022FA58F3}.Debug|Win32.ActiveCfg = Debug|Win32
		{0BE22227-D83F-4E0F-A079-18D022FA58F3}.Debug|Win32.Build.0 = Debug|Win32
		{0BE22227-D83F-4E0F-A079-18D022FA58F3}.Release|Win32.ActiveCfg = Release|Win32
		{0BE22227-D83F-4E0F-A079-18D022FA58F3}.Release|Win32.Build.0 = Release|Win32
		{17553FE5-9813-4867-A60E-64592EB19E9C}.Debug|Win32.ActiveCfg = Debug|Win32
		{17553FE5-9813-4867-A60E-64592EB19E9C}.Debug|Win32.Build.0 = Debug|Win32
		{17553FE5-9813-4867-A60E-64592EB19E9C}.Release|Win32.ActiveCfg = Release|Win32
		{17553FE5-9813-4867-A60E-64592EB19E9C}.Release|Win32.Build.0 = Release|Win32
		{8FD0DDF0-E29A-4047-AE6D-17FA2040F5DB}.Debug|Win32.ActiveCfg = Debug|Win32
		{8FD0DDF0-E29A-4047-AE6D-17FA2040F5DB}.Debug|Win32.Build.0 = Debug|Win32
		{8FD0DDF0-E29A-4047-AE6D-17FA2040F5DB}.Release|Win32.ActiveCfg = Release|Win32
		{8FD0DDF0-E29A-4047-AE6D-17FA2040F5DB}.Release|Win32.Build.0 = Release|Win32
		{BADFC4E0-A89D-4348-B9F5-B04A70ABB89B}.Debug|Win32.ActiveCfg = Debug|Win32
		{BADFC4E0-A89D-4348-B9F5-B04A70ABB89B}.Debug|Win32.Build.0 = Debug|Win32
		{BADFC4E0-A89D-4348-B9F5-B04A70ABB89B}.Release|Win32.ActiveCfg = Release|Win32
		{BADFC4E0-A89D-4348-B9F5-B04A70ABB89B}.Release|Win32.Build.0 = Release|Win32
		{B68C170A-F901-4677-84A2-35AF57435E72}.Debug|Win32.ActiveCfg = Debug|Win32
		{B68C170A-F901-4677-84A2-35AF57435E72}.Debug|Win32.Build.0 = Debug|Win32
		{B68C170A-F901-4677-84A2-35AF57435E72}.Release|Win32.ActiveCfg = Release|Win32
		{B68C170A-F901-4677-84A2-35AF57435E72}.Release|Win32.Build.0 = Release|Win32
		{672A7E45-DA8C-43FC-8CA4-E7283427569C}.Debug|Win32.ActiveCfg = Debug|Win32
		{672A7E45-DA8C-43FC-8CA4-E7283427569C}.Debug|Win32.Build.0 = Debug|Win32
		{672A7E45-DA8C-43FC-8CA4-E7283427569C}.Release|Win32.ActiveCfg = Release|Win32
		{672A7E45-DA8C-43FC-8CA4-E7283427569C}.Release|Win32.Build.0 = Release|Win32
		{82C444B8-EE68-43DA-8C48-CA62A86E1185}.Debug|Win32.ActiveCfg = Debug|Win32
		{82C444B8-EE68-43DA-8C48-CA62A86E1185}.Debug|Win32.Build.0 = Debug|Win32
		{82C444B8-EE68-43DA-8C48-CA62A86E1185}.Release|Win32.ActiveCfg = Release|Win32
		{82C444B8-EE68-43DA-8C48-CA62A86E1185}.Release|Win32.Build.0 = Release|Win32
		{7BD3737C-F313-49D5-BFF6-AE73AA216795}.Debug|Win32.ActiveCfg = Debug|Win32
		{7BD3737C-F313-49D5-BFF6-AE73AA216795}.Debug|Win32.Build.0 = Debug|Win32
		{7BD3737C-F313-49D5-BFF6-AE73AA216795}.Release|Win32.ActiveCfg = Release|Win32
		{7BD3737C-F313-49D5-BFF6-AE73AA216795}.Release|Win32.Build.0 = Release|Win32
		{A1F26480-CF6C-427C-8A16-5F51EA840D5E}.Debug|Win32.ActiveCfg = Debug|Win32
		{A1F26480-CF6C-427C-8A16-5F51EA840D5E}.Release|Win32.ActiveCfg = Release|Win32
		{D45156F9-484F-4A64-90C7-76793227607D}.Debug|Win32.ActiveCfg = Debug|Win32
		{D45156F9-484F-4A64-90C7-76793227607D}.Debug|Win32.Build.0 = Debug|Win32
		{D45156F9-484F-4A64-90C7-76793227607D}.Release|Win32.ActiveCfg = Release|Win32
		{D45156F9-484F-4A64-90C7-76793227607D}.Release|Win32.Build.0 = Release|Win32
		{56992FC1-0381-4ECE-A5B5-6B908752FE90}.Debug|Win32.ActiveCfg = Debug|Win32
		{56992FC1-0381-4ECE-A5B5-6B908752FE90}.Debug|Win32.Build.0 = Debug|Win32
		{56992FC1-0381-4ECE-A5B5-6B908752FE90}.Release|Win32.ActiveCfg = Release|Win32
		{56992FC1-0381-4ECE-A5B5-6B908752FE90}.Release|Win32.Build.0 = Release|Win32
		{44E2CDAE-CBB6-46E2-B27D-762E23101492}.Debug|Win32.ActiveCfg = Debug|Win32
		{44E2CDAE-CBB6-46E2-B27D-762E23101492}.Debug|Win32.Build.0 = Debug|Win32
		{44E2CDAE-CBB6-46E2-B27D-762E23101492}.Release|Win32.ActiveCfg = Release|Win32
		{44E2CDAE-CBB6-46E2-B27D-762E23101492}.Release|Win32.Build.0 = Release|Win32
		{5D137E30-0705-4D7E-9DEA-0D306FDC75FD}.Debug|Win32.ActiveCfg = Debug|Win32
		{5D137E30-0705-4D7E-9DEA-0D306FDC75FD}.Debug|Win32.Build.0 = Debug|Win32
		{5D137E30-0705-4D7E-9DEA-0D306FDC75FD}.Release|Win32.ActiveCfg = Release|Win32
		{5D137E30-0705-4D7E-9DEA-0D306FDC75FD}.Release|Win32.Build.0 = Release|Win32
	EndGlobalSection
	GlobalSection(SolutionProperties) = preSolution
		HideSolutionNode = FALSE
	EndGlobalSection
	GlobalSection(NestedProjects) = preSolution
		{D12DCCE1-5A6E-4D40-BF6F-25CCACE008DF} = {E2CFD272-7E13-421A-8844-63D4FD750501}
		{B65B0859-307E-4C20-AC20-DDFD944712D7} = {E2CFD272-7E13-421A-8844-63D4FD750501}
		{64B29F60-504C-4A0E-B95A-D7C4DB29DAFE} = {E2CFD272-7E13-421A-8844-63D4FD750501}
		{73959051-678F-4F7F-9C1C-A732F8DD6D56} = {E2CFD272-7E13-421A-8844-63D4FD750501}
		{5F6DA0FA-10F8-44B4-BA8F-8AD3CD9342BA} = {E2CFD272-7E13-421A-8844-63D4FD750501}
		{0938E100-D5B6-4B92-BC21-F85761D7EA6C} = {E2CFD272-7E13-421A-8844-63D4FD750501}
		{DEFA5A91-D9FD-4A08-A0EC-FF952BDBCBBD} = {E2CFD272-7E13-421A-8844-63D4FD750501}
		{0B3F60F2-12D0-46F7-802E-74C3FF4F646D} = {E2CFD272-7E13-421A-8844-63D4FD750501}
		{ED20FE6B-A80F-47A9-98DA-21D08070092A} = {E2CFD272-7E13-421A-8844-63D4FD750501}
		{17553FE5-9813-4867-A60E-64592EB19E9C} = {E2CFD272-7E13-421A-8844-63D4FD750501}
		{8FD0DDF0-E29A-4047-AE6D-17FA2040F5DB} = {E2CFD272-7E13-421A-8844-63D4FD750501}
		{7BD3737C-F313-49D5-BFF6-AE73AA216795} = {E2CFD272-7E13-421A-8844-63D4FD750501}
		{A1F26480-CF6C-427C-8A16-5F51EA840D5E} = {E2CFD272-7E13-421A-8844-63D4FD750501}
		{32C7BA8A-71AA-4B8D-AD90-AFEA1D454DB4} = {A4ADE4EE-4A7B-4BB3-A949-53AF6B739BB8}
		{672A7E45-DA8C-43FC-8CA4-E7283427569C} = {A4ADE4EE-4A7B-4BB3-A949-53AF6B739BB8}
		{80463FD9-A8F3-4092-B459-A87C047311E7} = {3766C94E-E764-4985-88FF-8D626F251608}
		{D45156F9-484F-4A64-90C7-76793227607D} = {3766C94E-E764-4985-88FF-8D626F251608}
		{5E672C88-A1F7-4375-852C-BF19E85E557F} = {E13FC0E1-5E61-4837-89D1-C832F5042F95}
		{003E15A5-9653-4133-BFFB-02E1A1F5C1CF} = {933CD553-700B-439A-858C-FD59DB177D32}
		{8EEBE995-163B-4B1A-88F9-C8804945B1BE} = {933CD553-700B-439A-858C-FD59DB177D32}
		{780B79E4-0869-41DB-A2F1-D7960CB9AFED} = {9448FD55-4719-42C5-9AB7-ADFBA7139382}
		{B68C170A-F901-4677-84A2-35AF57435E72} = {C4798506-D8FE-4CB3-BE57-0E962EABF8CF}
		{56992FC1-0381-4ECE-A5B5-6B908752FE90} = {26A877D0-BCFA-4DE0-81FC-E93D586F0949}
		{5D137E30-0705-4D7E-9DEA-0D306FDC75FD} = {26A877D0-BCFA-4DE0-81FC-E93D586F0949}
		{44E2CDAE-CBB6-46E2-B27D-762E23101492} = {AB30BDD6-99B8-4D9A-B6BE-689BBE797EC1}
	EndGlobalSection
EndGlobal
