
Microsoft Visual Studio Solution File, Format Version 10.00
# Visual Studio 2008
Project("{8BC9CEB8-8B4A-11D0-8D11-00A0C91BC942}") = "TopologicalSort", "TopologicalSort\TopologicalSort.vcproj", "{2FFF4676-0041-4B87-83EC-B7B1BF6A0D3A}"
EndProject
Project("{2150E333-8FDC-42A3-9474-1A3956D46DE8}") = "Dynamic", "Dynamic", "{E2CFD272-7E13-421A-8844-63D4FD750501}"
EndProject
Project("{8BC9CEB8-8B4A-11D0-8D11-00A0C91BC942}") = "UVA104_ForeignExchange", "UVA104_ForeignExchange\UVA104_ForeignExchange.vcproj", "{D12DCCE1-5A6E-4D40-BF6F-25CCACE008DF}"
EndProject
Project("{8BC9CEB8-8B4A-11D0-8D11-00A0C91BC942}") = "UVA825_SafeWay", "UVA825_SafeWay\UVA825_SafeWay.vcproj", "{B65B0859-307E-4C20-AC20-DDFD944712D7}"
EndProject
Project("{8BC9CEB8-8B4A-11D0-8D11-00A0C91BC942}") = "UVA357_CoinChange", "UVA357_CoinChange\UVA357_CoinChange.vcproj", "{64B29F60-504C-4A0E-B95A-D7C4DB29DAFE}"
EndProject
Project("{8BC9CEB8-8B4A-11D0-8D11-00A0C91BC942}") = "UVA562_CoinDivide", "UVA562_CoinDivide\UVA562_CoinDivide.vcproj", "{73959051-678F-4F7F-9C1C-A732F8DD6D56}"
EndProject
Project("{8BC9CEB8-8B4A-11D0-8D11-00A0C91BC942}") = "UVA10131_Elephant", "UVA10131_Elephant\UVA10131_Elephant.vcproj", "{F29DF8A4-F6C8-4F88-BD8C-EA3272F4D07D}"
EndProject
Project("{8BC9CEB8-8B4A-11D0-8D11-00A0C91BC942}") = "NighitsTourProblem", "NighitsTourProblem\NighitsTourProblem.vcproj", "{6615FDFB-63A2-4D5E-A0D5-319F33AEA98F}"
EndProject
Project("{2150E333-8FDC-42A3-9474-1A3956D46DE8}") = "DFS", "DFS", "{38B91891-E228-4978-8234-D2F58315E93D}"
EndProject
Project("{8BC9CEB8-8B4A-11D0-8D11-00A0C91BC942}") = "POJ2386_LakeCounting", "POJ2386_LakeCounting\POJ2386_LakeCounting.vcproj", "{5F6DA0FA-10F8-44B4-BA8F-8AD3CD9342BA}"
EndProject
Project("{2150E333-8FDC-42A3-9474-1A3956D46DE8}") = "BFS", "BFS", "{A4ADE4EE-4A7B-4BB3-A949-53AF6B739BB8}"
EndProject
Project("{8BC9CEB8-8B4A-11D0-8D11-00A0C91BC942}") = "PCC50_Maze", "PCC50_Maze\PCC50_Maze.vcproj", "{32C7BA8A-71AA-4B8D-AD90-AFEA1D454DB4}"
EndProject
Project("{8BC9CEB8-8B4A-11D0-8D11-00A0C91BC942}") = "Knapsack", "Knapsack\Knapsack.vcproj", "{0938E100-D5B6-4B92-BC21-F85761D7EA6C}"
EndProject
Project("{8BC9CEB8-8B4A-11D0-8D11-00A0C91BC942}") = "Knapsack2", "Knapsack2\Knapsack2.vcproj", "{DEFA5A91-D9FD-4A08-A0EC-FF952BDBCBBD}"
EndProject
Project("{2150E333-8FDC-42A3-9474-1A3956D46DE8}") = "LIS", "LIS", "{3766C94E-E764-4985-88FF-8D626F251608}"
EndProject
Project("{8BC9CEB8-8B4A-11D0-8D11-00A0C91BC942}") = "LongestIncreasingSubsequence", "LongestIncreasingSubsequence\LongestIncreasingSubsequence.vcproj", "{80463FD9-A8F3-4092-B459-A87C047311E7}"
EndProject
Global
	GlobalSection(SolutionConfigurationPlatforms) = preSolution
		Debug|Win32 = Debug|Win32
		Release|Win32 = Release|Win32
	EndGlobalSection
	GlobalSection(ProjectConfigurationPlatforms) = postSolution
		{2FFF4676-0041-4B87-83EC-B7B1BF6A0D3A}.Debug|Win32.ActiveCfg = Debug|Win32
		{2FFF4676-0041-4B87-83EC-B7B1BF6A0D3A}.Debug|Win32.Build.0 = Debug|Win32
		{2FFF4676-0041-4B87-83EC-B7B1BF6A0D3A}.Release|Win32.ActiveCfg = Release|Win32
		{2FFF4676-0041-4B87-83EC-B7B1BF6A0D3A}.Release|Win32.Build.0 = Release|Win32
		{D12DCCE1-5A6E-4D40-BF6F-25CCACE008DF}.Debug|Win32.ActiveCfg = Debug|Win32
		{D12DCCE1-5A6E-4D40-BF6F-25CCACE008DF}.Debug|Win32.Build.0 = Debug|Win32
		{D12DCCE1-5A6E-4D40-BF6F-25CCACE008DF}.Release|Win32.ActiveCfg = Release|Win32
		{D12DCCE1-5A6E-4D40-BF6F-25CCACE008DF}.Release|Win32.Build.0 = Release|Win32
		{B65B0859-307E-4C20-AC20-DDFD944712D7}.Debug|Win32.ActiveCfg = Debug|Win32
		{B65B0859-307E-4C20-AC20-DDFD944712D7}.Debug|Win32.Build.0 = Debug|Win32
		{B65B0859-307E-4C20-AC20-DDFD944712D7}.Release|Win32.ActiveCfg = Release|Win32
		{B65B0859-307E-4C20-AC20-DDFD944712D7}.Release|Win32.Build.0 = Release|Win32
		{64B29F60-504C-4A0E-B95A-D7C4DB29DAFE}.Debug|Win32.ActiveCfg = Debug|Win32
		{64B29F60-504C-4A0E-B95A-D7C4DB29DAFE}.Debug|Win32.Build.0 = Debug|Win32
		{64B29F60-504C-4A0E-B95A-D7C4DB29DAFE}.Release|Win32.ActiveCfg = Release|Win32
		{64B29F60-504C-4A0E-B95A-D7C4DB29DAFE}.Release|Win32.Build.0 = Release|Win32
		{73959051-678F-4F7F-9C1C-A732F8DD6D56}.Debug|Win32.ActiveCfg = Debug|Win32
		{73959051-678F-4F7F-9C1C-A732F8DD6D56}.Debug|Win32.Build.0 = Debug|Win32
		{73959051-678F-4F7F-9C1C-A732F8DD6D56}.Release|Win32.ActiveCfg = Release|Win32
		{73959051-678F-4F7F-9C1C-A732F8DD6D56}.Release|Win32.Build.0 = Release|Win32
		{F29DF8A4-F6C8-4F88-BD8C-EA3272F4D07D}.Debug|Win32.ActiveCfg = Debug|Win32
		{F29DF8A4-F6C8-4F88-BD8C-EA3272F4D07D}.Debug|Win32.Build.0 = Debug|Win32
		{F29DF8A4-F6C8-4F88-BD8C-EA3272F4D07D}.Release|Win32.ActiveCfg = Release|Win32
		{F29DF8A4-F6C8-4F88-BD8C-EA3272F4D07D}.Release|Win32.Build.0 = Release|Win32
		{6615FDFB-63A2-4D5E-A0D5-319F33AEA98F}.Debug|Win32.ActiveCfg = Debug|Win32
		{6615FDFB-63A2-4D5E-A0D5-319F33AEA98F}.Debug|Win32.Build.0 = Debug|Win32
		{6615FDFB-63A2-4D5E-A0D5-319F33AEA98F}.Release|Win32.ActiveCfg = Release|Win32
		{6615FDFB-63A2-4D5E-A0D5-319F33AEA98F}.Release|Win32.Build.0 = Release|Win32
		{5F6DA0FA-10F8-44B4-BA8F-8AD3CD9342BA}.Debug|Win32.ActiveCfg = Debug|Win32
		{5F6DA0FA-10F8-44B4-BA8F-8AD3CD9342BA}.Debug|Win32.Build.0 = Debug|Win32
		{5F6DA0FA-10F8-44B4-BA8F-8AD3CD9342BA}.Release|Win32.ActiveCfg = Release|Win32
		{5F6DA0FA-10F8-44B4-BA8F-8AD3CD9342BA}.Release|Win32.Build.0 = Release|Win32
		{32C7BA8A-71AA-4B8D-AD90-AFEA1D454DB4}.Debug|Win32.ActiveCfg = Debug|Win32
		{32C7BA8A-71AA-4B8D-AD90-AFEA1D454DB4}.Debug|Win32.Build.0 = Debug|Win32
		{32C7BA8A-71AA-4B8D-AD90-AFEA1D454DB4}.Release|Win32.ActiveCfg = Release|Win32
		{32C7BA8A-71AA-4B8D-AD90-AFEA1D454DB4}.Release|Win32.Build.0 = Release|Win32
		{0938E100-D5B6-4B92-BC21-F85761D7EA6C}.Debug|Win32.ActiveCfg = Debug|Win32
		{0938E100-D5B6-4B92-BC21-F85761D7EA6C}.Debug|Win32.Build.0 = Debug|Win32
		{0938E100-D5B6-4B92-BC21-F85761D7EA6C}.Release|Win32.ActiveCfg = Release|Win32
		{0938E100-D5B6-4B92-BC21-F85761D7EA6C}.Release|Win32.Build.0 = Release|Win32
		{DEFA5A91-D9FD-4A08-A0EC-FF952BDBCBBD}.Debug|Win32.ActiveCfg = Debug|Win32
		{DEFA5A91-D9FD-4A08-A0EC-FF952BDBCBBD}.Debug|Win32.Build.0 = Debug|Win32
		{DEFA5A91-D9FD-4A08-A0EC-FF952BDBCBBD}.Release|Win32.ActiveCfg = Release|Win32
		{DEFA5A91-D9FD-4A08-A0EC-FF952BDBCBBD}.Release|Win32.Build.0 = Release|Win32
		{80463FD9-A8F3-4092-B459-A87C047311E7}.Debug|Win32.ActiveCfg = Debug|Win32
		{80463FD9-A8F3-4092-B459-A87C047311E7}.Debug|Win32.Build.0 = Debug|Win32
		{80463FD9-A8F3-4092-B459-A87C047311E7}.Release|Win32.ActiveCfg = Release|Win32
		{80463FD9-A8F3-4092-B459-A87C047311E7}.Release|Win32.Build.0 = Release|Win32
	EndGlobalSection
	GlobalSection(SolutionProperties) = preSolution
		HideSolutionNode = FALSE
	EndGlobalSection
	GlobalSection(NestedProjects) = preSolution
		{D12DCCE1-5A6E-4D40-BF6F-25CCACE008DF} = {E2CFD272-7E13-421A-8844-63D4FD750501}
		{B65B0859-307E-4C20-AC20-DDFD944712D7} = {E2CFD272-7E13-421A-8844-63D4FD750501}
		{64B29F60-504C-4A0E-B95A-D7C4DB29DAFE} = {E2CFD272-7E13-421A-8844-63D4FD750501}
		{73959051-678F-4F7F-9C1C-A732F8DD6D56} = {E2CFD272-7E13-421A-8844-63D4FD750501}
		{0938E100-D5B6-4B92-BC21-F85761D7EA6C} = {E2CFD272-7E13-421A-8844-63D4FD750501}
		{DEFA5A91-D9FD-4A08-A0EC-FF952BDBCBBD} = {E2CFD272-7E13-421A-8844-63D4FD750501}
		{5F6DA0FA-10F8-44B4-BA8F-8AD3CD9342BA} = {38B91891-E228-4978-8234-D2F58315E93D}
		{32C7BA8A-71AA-4B8D-AD90-AFEA1D454DB4} = {A4ADE4EE-4A7B-4BB3-A949-53AF6B739BB8}
		{80463FD9-A8F3-4092-B459-A87C047311E7} = {3766C94E-E764-4985-88FF-8D626F251608}
	EndGlobalSection
EndGlobal
